
Microsoft Visual Studio Solution File, Format Version 12.00
# Visual Studio Version 17
VisualStudioVersion = 17.2.32516.85
MinimumVisualStudioVersion = 10.0.40219.1
Project("{FAE04EC0-301F-11D3-BF4B-00C04F79EFBC}") = "RiotGamesAPI", "RiotGamesAPI.csproj", "{D01A5B51-A608-468D-A964-8AA8F00E0DC1}"
EndProject
Global
	GlobalSection(SolutionConfigurationPlatforms) = preSolution
		Debug|Any CPU = Debug|Any CPU
		Release|Any CPU = Release|Any CPU
	EndGlobalSection
	GlobalSection(ProjectConfigurationPlatforms) = postSolution
		{D01A5B51-A608-468D-A964-8AA8F00E0DC1}.Debug|Any CPU.ActiveCfg = Debug|Any CPU
		{D01A5B51-A608-468D-A964-8AA8F00E0DC1}.Debug|Any CPU.Build.0 = Debug|Any CPU
		{D01A5B51-A608-468D-A964-8AA8F00E0DC1}.Release|Any CPU.ActiveCfg = Release|Any CPU
		{D01A5B51-A608-468D-A964-8AA8F00E0DC1}.Release|Any CPU.Build.0 = Release|Any CPU
	EndGlobalSection
	GlobalSection(SolutionProperties) = preSolution
		HideSolutionNode = FALSE
	EndGlobalSection
	GlobalSection(ExtensibilityGlobals) = postSolution
		SolutionGuid = {F00E18AB-8E3C-4C71-9946-34B223FAAA2D}
	EndGlobalSection
EndGlobal
